
Microsoft Visual Studio Solution File, Format Version 12.00
# Visual Studio Version 16
VisualStudioVersion = 16.0.29519.181
MinimumVisualStudioVersion = 10.0.40219.1
Project("{FAE04EC0-301F-11D3-BF4B-00C04F79EFBC}") = "EBC_Meeting_Centre_Tomas_Jerousek", "EBC_Meeting_Centre_Tomas_Jerousek.csproj", "{07464DF0-32D6-47ED-A656-A6D45CAE3978}"
EndProject
Global
	GlobalSection(SolutionConfigurationPlatforms) = preSolution
		Debug|Any CPU = Debug|Any CPU
		Release|Any CPU = Release|Any CPU
	EndGlobalSection
	GlobalSection(ProjectConfigurationPlatforms) = postSolution
		{07464DF0-32D6-47ED-A656-A6D45CAE3978}.Debug|Any CPU.ActiveCfg = Debug|Any CPU
		{07464DF0-32D6-47ED-A656-A6D45CAE3978}.Debug|Any CPU.Build.0 = Debug|Any CPU
		{07464DF0-32D6-47ED-A656-A6D45CAE3978}.Release|Any CPU.ActiveCfg = Release|Any CPU
		{07464DF0-32D6-47ED-A656-A6D45CAE3978}.Release|Any CPU.Build.0 = Release|Any CPU
	EndGlobalSection
	GlobalSection(SolutionProperties) = preSolution
		HideSolutionNode = FALSE
	EndGlobalSection
	GlobalSection(ExtensibilityGlobals) = postSolution
		SolutionGuid = {050A68E7-B6EC-455D-9CDB-FED553B4D572}
	EndGlobalSection
EndGlobal
